
Microsoft Visual Studio Solution File, Format Version 12.00
# Visual Studio 15
VisualStudioVersion = 15.0.28307.168
MinimumVisualStudioVersion = 10.0.40219.1
Project("{FAE04EC0-301F-11D3-BF4B-00C04F79EFBC}") = "WMPio", "WMPio.csproj", "{462E5046-8366-47FF-9DD0-880C122AE051}"
EndProject
Global
	GlobalSection(SolutionConfigurationPlatforms) = preSolution
		Debug|Any CPU = Debug|Any CPU
		Release|Any CPU = Release|Any CPU
	EndGlobalSection
	GlobalSection(ProjectConfigurationPlatforms) = postSolution
		{462E5046-8366-47FF-9DD0-880C122AE051}.Debug|Any CPU.ActiveCfg = Debug|Any CPU
		{462E5046-8366-47FF-9DD0-880C122AE051}.Debug|Any CPU.Build.0 = Debug|Any CPU
		{462E5046-8366-47FF-9DD0-880C122AE051}.Release|Any CPU.ActiveCfg = Release|Any CPU
		{462E5046-8366-47FF-9DD0-880C122AE051}.Release|Any CPU.Build.0 = Release|Any CPU
	EndGlobalSection
	GlobalSection(SolutionProperties) = preSolution
		HideSolutionNode = FALSE
	EndGlobalSection
	GlobalSection(ExtensibilityGlobals) = postSolution
		SolutionGuid = {01856F77-7E76-4223-9AD4-5121E8FD4DF3}
	EndGlobalSection
EndGlobal
